
Microsoft Visual Studio Solution File, Format Version 12.00
# Visual Studio 15
VisualStudioVersion = 15.0.27703.2000
MinimumVisualStudioVersion = 10.0.40219.1
Project("{888888A0-9F3D-457C-B088-3A5042F75D52}") = "ALL", "ALL\ALL.pyproj", "{0D07E8C6-96C5-4B59-BFA7-B0674B74E384}"
EndProject
Global
	GlobalSection(SolutionConfigurationPlatforms) = preSolution
		Debug|Any CPU = Debug|Any CPU
		Release|Any CPU = Release|Any CPU
	EndGlobalSection
	GlobalSection(ProjectConfigurationPlatforms) = postSolution
		{0D07E8C6-96C5-4B59-BFA7-B0674B74E384}.Debug|Any CPU.ActiveCfg = Debug|Any CPU
		{0D07E8C6-96C5-4B59-BFA7-B0674B74E384}.Release|Any CPU.ActiveCfg = Release|Any CPU
	EndGlobalSection
	GlobalSection(SolutionProperties) = preSolution
		HideSolutionNode = FALSE
	EndGlobalSection
	GlobalSection(ExtensibilityGlobals) = postSolution
		SolutionGuid = {2D0FA5B3-87B6-454E-997E-9F308BDA54DA}
	EndGlobalSection
EndGlobal
